
Microsoft Visual Studio Solution File, Format Version 12.00
# Visual Studio 2012
Project("{FAE04EC0-301F-11D3-BF4B-00C04F79EFBC}") = "Ads.Web", "Ads.Web\Ads.Web.csproj", "{292AC381-B512-4B80-99C4-6337D90694C3}"
EndProject
Global
	GlobalSection(SolutionConfigurationPlatforms) = preSolution
		Debug|Any CPU = Debug|Any CPU
		Release|Any CPU = Release|Any CPU
	EndGlobalSection
	GlobalSection(ProjectConfigurationPlatforms) = postSolution
		{292AC381-B512-4B80-99C4-6337D90694C3}.Debug|Any CPU.ActiveCfg = Debug|Any CPU
		{292AC381-B512-4B80-99C4-6337D90694C3}.Debug|Any CPU.Build.0 = Debug|Any CPU
		{292AC381-B512-4B80-99C4-6337D90694C3}.Release|Any CPU.ActiveCfg = Release|Any CPU
		{292AC381-B512-4B80-99C4-6337D90694C3}.Release|Any CPU.Build.0 = Release|Any CPU
	EndGlobalSection
	GlobalSection(SolutionProperties) = preSolution
		HideSolutionNode = FALSE
	EndGlobalSection
EndGlobal
